// !$*UTF8*$!
{
	archiveVersion = 1;
	classes = {
	};
	objectVersion = 56;
	objects = {

/* Begin PBXBuildFile section */
		63123F122B9822A600CAFC93 /* Question.swift in Sources */ = {isa = PBXBuildFile; fileRef = 63123F112B9822A600CAFC93 /* Question.swift */; };
		639977B52B96FC9D00AD25F7 /* AppDelegate.swift in Sources */ = {isa = PBXBuildFile; fileRef = 639977B42B96FC9D00AD25F7 /* AppDelegate.swift */; };
		639977B72B96FC9D00AD25F7 /* SceneDelegate.swift in Sources */ = {isa = PBXBuildFile; fileRef = 639977B62B96FC9D00AD25F7 /* SceneDelegate.swift */; };
		639977B92B96FC9D00AD25F7 /* ViewController.swift in Sources */ = {isa = PBXBuildFile; fileRef = 639977B82B96FC9D00AD25F7 /* ViewController.swift */; };
		639977BC2B96FC9D00AD25F7 /* Main.storyboard in Resources */ = {isa = PBXBuildFile; fileRef = 639977BA2B96FC9D00AD25F7 /* Main.storyboard */; };
		639977BE2B96FC9E00AD25F7 /* Assets.xcassets in Resources */ = {isa = PBXBuildFile; fileRef = 639977BD2B96FC9E00AD25F7 /* Assets.xcassets */; };
		639977C12B96FC9E00AD25F7 /* LaunchScreen.storyboard in Resources */ = {isa = PBXBuildFile; fileRef = 639977BF2B96FC9E00AD25F7 /* LaunchScreen.storyboard */; };
		639977C92B971F0100AD25F7 /* ResultsViewController.swift in Sources */ = {isa = PBXBuildFile; fileRef = 639977C82B971F0100AD25F7 /* ResultsViewController.swift */; };
		639977CB2B971F1900AD25F7 /* QuestionViewController.swift in Sources */ = {isa = PBXBuildFile; fileRef = 639977CA2B971F1900AD25F7 /* QuestionViewController.swift */; };
/* End PBXBuildFile section */

/* Begin PBXFileReference section */
		63123F112B9822A600CAFC93 /* Question.swift */ = {isa = PBXFileReference; lastKnownFileType = sourcecode.swift; path = Question.swift; sourceTree = "<group>"; };
		639977B12B96FC9D00AD25F7 /* personalityQuiz.app */ = {isa = PBXFileReference; explicitFileType = wrapper.application; includeInIndex = 0; path = personalityQuiz.app; sourceTree = BUILT_PRODUCTS_DIR; };
		639977B42B96FC9D00AD25F7 /* AppDelegate.swift */ = {isa = PBXFileReference; lastKnownFileType = sourcecode.swift; path = AppDelegate.swift; sourceTree = "<group>"; };
		639977B62B96FC9D00AD25F7 /* SceneDelegate.swift */ = {isa = PBXFileReference; lastKnownFileType = sourcecode.swift; path = SceneDelegate.swift; sourceTree = "<group>"; };
		639977B82B96FC9D00AD25F7 /* ViewController.swift */ = {isa = PBXFileReference; lastKnownFileType = sourcecode.swift; path = ViewController.swift; sourceTree = "<group>"; };
		639977BB2B96FC9D00AD25F7 /* Base */ = {isa = PBXFileReference; lastKnownFileType = file.storyboard; name = Base; path = Base.lproj/Main.storyboard; sourceTree = "<group>"; };
		639977BD2B96FC9E00AD25F7 /* Assets.xcassets */ = {isa = PBXFileReference; lastKnownFileType = folder.assetcatalog; path = Assets.xcassets; sourceTree = "<group>"; };
		639977C02B96FC9E00AD25F7 /* Base */ = {isa = PBXFileReference; lastKnownFileType = file.storyboard; name = Base; path = Base.lproj/LaunchScreen.storyboard; sourceTree = "<group>"; };
		639977C22B96FC9E00AD25F7 /* Info.plist */ = {isa = PBXFileReference; lastKnownFileType = text.plist.xml; path = Info.plist; sourceTree = "<group>"; };
		639977C82B971F0100AD25F7 /* ResultsViewController.swift */ = {isa = PBXFileReference; lastKnownFileType = sourcecode.swift; path = ResultsViewController.swift; sourceTree = "<group>"; };
		639977CA2B971F1900AD25F7 /* QuestionViewController.swift */ = {isa = PBXFileReference; lastKnownFileType = sourcecode.swift; path = QuestionViewController.swift; sourceTree = "<group>"; };
/* End PBXFileReference section */

/* Begin PBXFrameworksBuildPhase section */
		639977AE2B96FC9D00AD25F7 /* Frameworks */ = {
			isa = PBXFrameworksBuildPhase;
			buildActionMask = 2147483647;
			files = (
			);
			runOnlyForDeploymentPostprocessing = 0;
		};
/* End PBXFrameworksBuildPhase section */

/* Begin PBXGroup section */
		639977A82B96FC9D00AD25F7 = {
			isa = PBXGroup;
			children = (
				639977B32B96FC9D00AD25F7 /* personalityQuiz */,
				639977B22B96FC9D00AD25F7 /* Products */,
			);
			sourceTree = "<group>";
		};
		639977B22B96FC9D00AD25F7 /* Products */ = {
			isa = PBXGroup;
			children = (
				639977B12B96FC9D00AD25F7 /* personalityQuiz.app */,
			);
			name = Products;
			sourceTree = "<group>";
		};
		639977B32B96FC9D00AD25F7 /* personalityQuiz */ = {
			isa = PBXGroup;
			children = (
				639977B42B96FC9D00AD25F7 /* AppDelegate.swift */,
				639977B62B96FC9D00AD25F7 /* SceneDelegate.swift */,
				639977B82B96FC9D00AD25F7 /* ViewController.swift */,
				639977BA2B96FC9D00AD25F7 /* Main.storyboard */,
				639977BD2B96FC9E00AD25F7 /* Assets.xcassets */,
				639977BF2B96FC9E00AD25F7 /* LaunchScreen.storyboard */,
				639977C22B96FC9E00AD25F7 /* Info.plist */,
				639977C82B971F0100AD25F7 /* ResultsViewController.swift */,
				639977CA2B971F1900AD25F7 /* QuestionViewController.swift */,
				63123F112B9822A600CAFC93 /* Question.swift */,
			);
			path = personalityQuiz;
			sourceTree = "<group>";
		};
/* End PBXGroup section */

/* Begin PBXNativeTarget section */
		639977B02B96FC9D00AD25F7 /* personalityQuiz */ = {
			isa = PBXNativeTarget;
			buildConfigurationList = 639977C52B96FC9E00AD25F7 /* Build configuration list for PBXNativeTarget "personalityQuiz" */;
			buildPhases = (
				639977AD2B96FC9D00AD25F7 /* Sources */,
				639977AE2B96FC9D00AD25F7 /* Frameworks */,
				639977AF2B96FC9D00AD25F7 /* Resources */,
			);
			buildRules = (
			);
			dependencies = (
			);
			name = personalityQuiz;
			productName = personalityQuiz;
			productReference = 639977B12B96FC9D00AD25F7 /* personalityQuiz.app */;
			productType = "com.apple.product-type.application";
		};
/* End PBXNativeTarget section */

/* Begin PBXProject section */
		639977A92B96FC9D00AD25F7 /* Project object */ = {
			isa = PBXProject;
			attributes = {
				BuildIndependentTargetsInParallel = 1;
				LastSwiftUpdateCheck = 1510;
				LastUpgradeCheck = 1510;
				TargetAttributes = {
					639977B02B96FC9D00AD25F7 = {
						CreatedOnToolsVersion = 15.1;
					};
				};
			};
			buildConfigurationList = 639977AC2B96FC9D00AD25F7 /* Build configuration list for PBXProject "personalityQuiz" */;
			compatibilityVersion = "Xcode 14.0";
			developmentRegion = en;
			hasScannedForEncodings = 0;
			knownRegions = (
				en,
				Base,
			);
			mainGroup = 639977A82B96FC9D00AD25F7;
			productRefGroup = 639977B22B96FC9D00AD25F7 /* Products */;
			projectDirPath = "";
			projectRoot = "";
			targets = (
				639977B02B96FC9D00AD25F7 /* personalityQuiz */,
			);
		};
/* End PBXProject section */

/* Begin PBXResourcesBuildPhase section */
		639977AF2B96FC9D00AD25F7 /* Resources */ = {
			isa = PBXResourcesBuildPhase;
			buildActionMask = 2147483647;
			files = (
				639977C12B96FC9E00AD25F7 /* LaunchScreen.storyboard in Resources */,
				639977BE2B96FC9E00AD25F7 /* Assets.xcassets in Resources */,
				639977BC2B96FC9D00AD25F7 /* Main.storyboard in Resources */,
			);
			runOnlyForDeploymentPostprocessing = 0;
		};
/* End PBXResourcesBuildPhase section */

/* Begin PBXSourcesBuildPhase section */
		639977AD2B96FC9D00AD25F7 /* Sources */ = {
			isa = PBXSourcesBuildPhase;
			buildActionMask = 2147483647;
			files = (
				639977B92B96FC9D00AD25F7 /* ViewController.swift in Sources */,
				639977CB2B971F1900AD25F7 /* QuestionViewController.swift in Sources */,
				639977B52B96FC9D00AD25F7 /* AppDelegate.swift in Sources */,
				63123F122B9822A600CAFC93 /* Question.swift in Sources */,
				639977B72B96FC9D00AD25F7 /* SceneDelegate.swift in Sources */,
				639977C92B971F0100AD25F7 /* ResultsViewController.swift in Sources */,
			);
			runOnlyForDeploymentPostprocessing = 0;
		};
/* End PBXSourcesBuildPhase section */

/* Begin PBXVariantGroup section */
		639977BA2B96FC9D00AD25F7 /* Main.storyboard */ = {
			isa = PBXVariantGroup;
			children = (
				639977BB2B96FC9D00AD25F7 /* Base */,
			);
			name = Main.storyboard;
			sourceTree = "<group>";
		};
		639977BF2B96FC9E00AD25F7 /* LaunchScreen.storyboard */ = {
			isa = PBXVariantGroup;
			children = (
				639977C02B96FC9E00AD25F7 /* Base */,
			);
			name = LaunchScreen.storyboard;
			sourceTree = "<group>";
		};
/* End PBXVariantGroup section */

/* Begin XCBuildConfiguration section */
		639977C32B96FC9E00AD25F7 /* Debug */ = {
			isa = XCBuildConfiguration;
			buildSettings = {
				ALWAYS_SEARCH_USER_PATHS = NO;
				ASSETCATALOG_COMPILER_GENERATE_SWIFT_ASSET_SYMBOL_EXTENSIONS = YES;
				CLANG_ANALYZER_NONNULL = YES;
				CLANG_ANALYZER_NUMBER_OBJECT_CONVERSION = YES_AGGRESSIVE;
				CLANG_CXX_LANGUAGE_STANDARD = "gnu++20";
				CLANG_ENABLE_MODULES = YES;
				CLANG_ENABLE_OBJC_ARC = YES;
				CLANG_ENABLE_OBJC_WEAK = YES;
				CLANG_WARN_BLOCK_CAPTURE_AUTORELEASING = YES;
				CLANG_WARN_BOOL_CONVERSION = YES;
				CLANG_WARN_COMMA = YES;
				CLANG_WARN_CONSTANT_CONVERSION = YES;
				CLANG_WARN_DEPRECATED_OBJC_IMPLEMENTATIONS = YES;
				CLANG_WARN_DIRECT_OBJC_ISA_USAGE = YES_ERROR;
				CLANG_WARN_DOCUMENTATION_COMMENTS = YES;
				CLANG_WARN_EMPTY_BODY = YES;
				CLANG_WARN_ENUM_CONVERSION = YES;
				CLANG_WARN_INFINITE_RECURSION = YES;
				CLANG_WARN_INT_CONVERSION = YES;
				CLANG_WARN_NON_LITERAL_NULL_CONVERSION = YES;
				CLANG_WARN_OBJC_IMPLICIT_RETAIN_SELF = YES;
				CLANG_WARN_OBJC_LITERAL_CONVERSION = YES;
				CLANG_WARN_OBJC_ROOT_CLASS = YES_ERROR;
				CLANG_WARN_QUOTED_INCLUDE_IN_FRAMEWORK_HEADER = YES;
				CLANG_WARN_RANGE_LOOP_ANALYSIS = YES;
				CLANG_WARN_STRICT_PROTOTYPES = YES;
				CLANG_WARN_SUSPICIOUS_MOVE = YES;
				CLANG_WARN_UNGUARDED_AVAILABILITY = YES_AGGRESSIVE;
				CLANG_WARN_UNREACHABLE_CODE = YES;
				CLANG_WARN__DUPLICATE_METHOD_MATCH = YES;
				COPY_PHASE_STRIP = NO;
				DEBUG_INFORMATION_FORMAT = dwarf;
				ENABLE_STRICT_OBJC_MSGSEND = YES;
				ENABLE_TESTABILITY = YES;
				ENABLE_USER_SCRIPT_SANDBOXING = YES;
				GCC_C_LANGUAGE_STANDARD = gnu17;
				GCC_DYNAMIC_NO_PIC = NO;
				GCC_NO_COMMON_BLOCKS = YES;
				GCC_OPTIMIZATION_LEVEL = 0;
				GCC_PREPROCESSOR_DEFINITIONS = (
					"DEBUG=1",
					"$(inherited)",
				);
				GCC_WARN_64_TO_32_BIT_CONVERSION = YES;
				GCC_WARN_ABOUT_RETURN_TYPE = YES_ERROR;
				GCC_WARN_UNDECLARED_SELECTOR = YES;
				GCC_WARN_UNINITIALIZED_AUTOS = YES_AGGRESSIVE;
				GCC_WARN_UNUSED_FUNCTION = YES;
				GCC_WARN_UNUSED_VARIABLE = YES;
				IPHONEOS_DEPLOYMENT_TARGET = 17.2;
				LOCALIZATION_PREFERS_STRING_CATALOGS = YES;
				MTL_ENABLE_DEBUG_INFO = INCLUDE_SOURCE;
				MTL_FAST_MATH = YES;
				ONLY_ACTIVE_ARCH = YES;
				SDKROOT = iphoneos;
				SWIFT_ACTIVE_COMPILATION_CONDITIONS = "DEBUG $(inherited)";
				SWIFT_OPTIMIZATION_LEVEL = "-Onone";
			};
			name = Debug;
		};
		639977C42B96FC9E00AD25F7 /* Release */ = {
			isa = XCBuildConfiguration;
			buildSettings = {
				ALWAYS_SEARCH_USER_PATHS = NO;
				ASSETCATALOG_COMPILER_GENERATE_SWIFT_ASSET_SYMBOL_EXTENSIONS = YES;
				CLANG_ANALYZER_NONNULL = YES;
				CLANG_ANALYZER_NUMBER_OBJECT_CONVERSION = YES_AGGRESSIVE;
				CLANG_CXX_LANGUAGE_STANDARD = "gnu++20";
				CLANG_ENABLE_MODULES = YES;
				CLANG_ENABLE_OBJC_ARC = YES;
				CLANG_ENABLE_OBJC_WEAK = YES;
				CLANG_WARN_BLOCK_CAPTURE_AUTORELEASING = YES;
				CLANG_WARN_BOOL_CONVERSION = YES;
				CLANG_WARN_COMMA = YES;
				CLANG_WARN_CONSTANT_CONVERSION = YES;
				CLANG_WARN_DEPRECATED_OBJC_IMPLEMENTATIONS = YES;
				CLANG_WARN_DIRECT_OBJC_ISA_USAGE = YES_ERROR;
				CLANG_WARN_DOCUMENTATION_COMMENTS = YES;
				CLANG_WARN_EMPTY_BODY = YES;
				CLANG_WARN_ENUM_CONVERSION = YES;
				CLANG_WARN_INFINITE_RECURSION = YES;
				CLANG_WARN_INT_CONVERSION = YES;
				CLANG_WARN_NON_LITERAL_NULL_CONVERSION = YES;
				CLANG_WARN_OBJC_IMPLICIT_RETAIN_SELF = YES;
				CLANG_WARN_OBJC_LITERAL_CONVERSION = YES;
				CLANG_WARN_OBJC_ROOT_CLASS = YES_ERROR;
				CLANG_WARN_QUOTED_INCLUDE_IN_FRAMEWORK_HEADER = YES;
				CLANG_WARN_RANGE_LOOP_ANALYSIS = YES;
				CLANG_WARN_STRICT_PROTOTYPES = YES;
				CLANG_WARN_SUSPICIOUS_MOVE = YES;
				CLANG_WARN_UNGUARDED_AVAILABILITY = YES_AGGRESSIVE;
				CLANG_WARN_UNREACHABLE_CODE = YES;
				CLANG_WARN__DUPLICATE_METHOD_MATCH = YES;
				COPY_PHASE_STRIP = NO;
				DEBUG_INFORMATION_FORMAT = "dwarf-with-dsym";
				ENABLE_NS_ASSERTIONS = NO;
				ENABLE_STRICT_OBJC_MSGSEND = YES;
				ENABLE_USER_SCRIPT_SANDBOXING = YES;
				GCC_C_LANGUAGE_STANDARD = gnu17;
				GCC_NO_COMMON_BLOCKS = YES;
				GCC_WARN_64_TO_32_BIT_CONVERSION = YES;
				GCC_WARN_ABOUT_RETURN_TYPE = YES_ERROR;
				GCC_WARN_UNDECLARED_SELECTOR = YES;
				GCC_WARN_UNINITIALIZED_AUTOS = YES_AGGRESSIVE;
				GCC_WARN_UNUSED_FUNCTION = YES;
				GCC_WARN_UNUSED_VARIABLE = YES;
				IPHONEOS_DEPLOYMENT_TARGET = 17.2;
				LOCALIZATION_PREFERS_STRING_CATALOGS = YES;
				MTL_ENABLE_DEBUG_INFO = NO;
				MTL_FAST_MATH = YES;
				SDKROOT = iphoneos;
				SWIFT_COMPILATION_MODE = wholemodule;
				VALIDATE_PRODUCT = YES;
			};
			name = Release;
		};
		639977C62B96FC9E00AD25F7 /* Debug */ = {
			isa = XCBuildConfiguration;
			buildSettings = {
				ASSETCATALOG_COMPILER_APPICON_NAME = AppIcon;
				ASSETCATALOG_COMPILER_GLOBAL_ACCENT_COLOR_NAME = AccentColor;
				CODE_SIGN_STYLE = Automatic;
				CURRENT_PROJECT_VERSION = 1;
				DEVELOPMENT_TEAM = 49J567AKZX;
				GENERATE_INFOPLIST_FILE = YES;
				INFOPLIST_FILE = personalityQuiz/Info.plist;
				INFOPLIST_KEY_UIApplicationSupportsIndirectInputEvents = YES;
				INFOPLIST_KEY_UILaunchStoryboardName = LaunchScreen;
				INFOPLIST_KEY_UIMainStoryboardFile = Main;
				INFOPLIST_KEY_UISupportedInterfaceOrientations_iPad = "UIInterfaceOrientationPortrait UIInterfaceOrientationPortraitUpsideDown UIInterfaceOrientationLandscapeLeft UIInterfaceOrientationLandscapeRight";
				INFOPLIST_KEY_UISupportedInterfaceOrientations_iPhone = "UIInterfaceOrientationPortrait UIInterfaceOrientationLandscapeLeft UIInterfaceOrientationLandscapeRight";
				LD_RUNPATH_SEARCH_PATHS = (
					"$(inherited)",
					"@executable_path/Frameworks",
				);
				MARKETING_VERSION = 1.0;
				PRODUCT_BUNDLE_IDENTIFIER = com.harshgoyal.personalityQuiz;
				PRODUCT_NAME = "$(TARGET_NAME)";
				SWIFT_EMIT_LOC_STRINGS = YES;
				SWIFT_VERSION = 5.0;
				TARGETED_DEVICE_FAMILY = "1,2";
			};
			name = Debug;
		};
		639977C72B96FC9E00AD25F7 /* Release */ = {
			isa = XCBuildConfiguration;
			buildSettings = {
				ASSETCATALOG_COMPILER_APPICON_NAME = AppIcon;
				ASSETCATALOG_COMPILER_GLOBAL_ACCENT_COLOR_NAME = AccentColor;
				CODE_SIGN_STYLE = Automatic;
				CURRENT_PROJECT_VERSION = 1;
				DEVELOPMENT_TEAM = 49J567AKZX;
				GENERATE_INFOPLIST_FILE = YES;
				INFOPLIST_FILE = personalityQuiz/Info.plist;
				INFOPLIST_KEY_UIApplicationSupportsIndirectInputEvents = YES;
				INFOPLIST_KEY_UILaunchStoryboardName = LaunchScreen;
				INFOPLIST_KEY_UIMainStoryboardFile = Main;
				INFOPLIST_KEY_UISupportedInterfaceOrientations_iPad = "UIInterfaceOrientationPortrait UIInterfaceOrientationPortraitUpsideDown UIInterfaceOrientationLandscapeLeft UIInterfaceOrientationLandscapeRight";
				INFOPLIST_KEY_UISupportedInterfaceOrientations_iPhone = "UIInterfaceOrientationPortrait UIInterfaceOrientationLandscapeLeft UIInterfaceOrientationLandscapeRight";
				LD_RUNPATH_SEARCH_PATHS = (
					"$(inherited)",
					"@executable_path/Frameworks",
				);
				MARKETING_VERSION = 1.0;
				PRODUCT_BUNDLE_IDENTIFIER = com.harshgoyal.personalityQuiz;
				PRODUCT_NAME = "$(TARGET_NAME)";
				SWIFT_EMIT_LOC_STRINGS = YES;
				SWIFT_VERSION = 5.0;
				TARGETED_DEVICE_FAMILY = "1,2";
			};
			name = Release;
		};
/* End XCBuildConfiguration section */

/* Begin XCConfigurationList section */
		639977AC2B96FC9D00AD25F7 /* Build configuration list for PBXProject "personalityQuiz" */ = {
			isa = XCConfigurationList;
			buildConfigurations = (
				639977C32B96FC9E00AD25F7 /* Debug */,
				639977C42B96FC9E00AD25F7 /* Release */,
			);
			defaultConfigurationIsVisible = 0;
			defaultConfigurationName = Release;
		};
		639977C52B96FC9E00AD25F7 /* Build configuration list for PBXNativeTarget "personalityQuiz" */ = {
			isa = XCConfigurationList;
			buildConfigurations = (
				639977C62B96FC9E00AD25F7 /* Debug */,
				639977C72B96FC9E00AD25F7 /* Release */,
			);
			defaultConfigurationIsVisible = 0;
			defaultConfigurationName = Release;
		};
/* End XCConfigurationList section */
	};
	rootObject = 639977A92B96FC9D00AD25F7 /* Project object */;
}
